
Microsoft Visual Studio Solution File, Format Version 12.00
# Visual Studio Version 16
VisualStudioVersion = 16.0.30503.244
MinimumVisualStudioVersion = 10.0.40219.1
Project("{9A19103F-16F7-4668-BE54-9A1E7A4F7556}") = "LinguagensWP.Api", "LinguagensWP.Api\LinguagensWP.Api.csproj", "{AEFB4246-3B72-4CA8-9761-5B6B53F03E24}"
EndProject
Project("{9A19103F-16F7-4668-BE54-9A1E7A4F7556}") = "LinguagensWP.Infrastructure", "LinguagensWP.Infrastructure\LinguagensWP.Infrastructure.csproj", "{6870294C-7645-4E22-80E7-31A9F60C863A}"
EndProject
Project("{9A19103F-16F7-4668-BE54-9A1E7A4F7556}") = "LinguagensWP.Domain", "LinguagensWP.Domain\LinguagensWP.Domain.csproj", "{7DB725C1-6C60-4EEB-BB08-44550083A62B}"
EndProject
Project("{9A19103F-16F7-4668-BE54-9A1E7A4F7556}") = "LinguagensWP.App", "LinguagensWP.App\LinguagensWP.App.csproj", "{2118F4E9-8B6C-4890-A776-79B865BAE6A3}"
EndProject
Project("{FAE04EC0-301F-11D3-BF4B-00C04F79EFBC}") = "LinguagensWP.WebApp", "LinguagensWP.WebApp\LinguagensWP.WebApp.csproj", "{1268433E-3690-420E-86E8-87FAC2BE3227}"
EndProject
Global
	GlobalSection(SolutionConfigurationPlatforms) = preSolution
		Debug|Any CPU = Debug|Any CPU
		Release|Any CPU = Release|Any CPU
	EndGlobalSection
	GlobalSection(ProjectConfigurationPlatforms) = postSolution
		{AEFB4246-3B72-4CA8-9761-5B6B53F03E24}.Debug|Any CPU.ActiveCfg = Debug|Any CPU
		{AEFB4246-3B72-4CA8-9761-5B6B53F03E24}.Debug|Any CPU.Build.0 = Debug|Any CPU
		{AEFB4246-3B72-4CA8-9761-5B6B53F03E24}.Release|Any CPU.ActiveCfg = Release|Any CPU
		{AEFB4246-3B72-4CA8-9761-5B6B53F03E24}.Release|Any CPU.Build.0 = Release|Any CPU
		{6870294C-7645-4E22-80E7-31A9F60C863A}.Debug|Any CPU.ActiveCfg = Debug|Any CPU
		{6870294C-7645-4E22-80E7-31A9F60C863A}.Debug|Any CPU.Build.0 = Debug|Any CPU
		{6870294C-7645-4E22-80E7-31A9F60C863A}.Release|Any CPU.ActiveCfg = Release|Any CPU
		{6870294C-7645-4E22-80E7-31A9F60C863A}.Release|Any CPU.Build.0 = Release|Any CPU
		{7DB725C1-6C60-4EEB-BB08-44550083A62B}.Debug|Any CPU.ActiveCfg = Debug|Any CPU
		{7DB725C1-6C60-4EEB-BB08-44550083A62B}.Debug|Any CPU.Build.0 = Debug|Any CPU
		{7DB725C1-6C60-4EEB-BB08-44550083A62B}.Release|Any CPU.ActiveCfg = Release|Any CPU
		{7DB725C1-6C60-4EEB-BB08-44550083A62B}.Release|Any CPU.Build.0 = Release|Any CPU
		{2118F4E9-8B6C-4890-A776-79B865BAE6A3}.Debug|Any CPU.ActiveCfg = Debug|Any CPU
		{2118F4E9-8B6C-4890-A776-79B865BAE6A3}.Debug|Any CPU.Build.0 = Debug|Any CPU
		{2118F4E9-8B6C-4890-A776-79B865BAE6A3}.Release|Any CPU.ActiveCfg = Release|Any CPU
		{2118F4E9-8B6C-4890-A776-79B865BAE6A3}.Release|Any CPU.Build.0 = Release|Any CPU
		{1268433E-3690-420E-86E8-87FAC2BE3227}.Debug|Any CPU.ActiveCfg = Debug|Any CPU
		{1268433E-3690-420E-86E8-87FAC2BE3227}.Debug|Any CPU.Build.0 = Debug|Any CPU
		{1268433E-3690-420E-86E8-87FAC2BE3227}.Release|Any CPU.ActiveCfg = Release|Any CPU
		{1268433E-3690-420E-86E8-87FAC2BE3227}.Release|Any CPU.Build.0 = Release|Any CPU
	EndGlobalSection
	GlobalSection(SolutionProperties) = preSolution
		HideSolutionNode = FALSE
	EndGlobalSection
	GlobalSection(ExtensibilityGlobals) = postSolution
		SolutionGuid = {E4FBAFCB-1495-4FCE-8D29-285061092F89}
	EndGlobalSection
EndGlobal
