
Microsoft Visual Studio Solution File, Format Version 12.00
# Visual Studio Version 16
VisualStudioVersion = 16.0.29911.84
MinimumVisualStudioVersion = 10.0.40219.1
Project("{9A19103F-16F7-4668-BE54-9A1E7A4F7556}") = "kelasys.esr.dbaccess", "kelasys.esr.dbaccess\kelasys.esr.dbaccess.csproj", "{8EBA9161-7DE3-4521-99DF-9763F9F523EB}"
EndProject
Project("{9A19103F-16F7-4668-BE54-9A1E7A4F7556}") = "kelasys.esr.models", "kelasys.esr.models\kelasys.esr.models.csproj", "{5D0120FE-E303-445D-A8AF-2052ACA1E31B}"
EndProject
Project("{9A19103F-16F7-4668-BE54-9A1E7A4F7556}") = "kelasys.esr.contrats", "kelasys.esr.contrat\kelasys.esr.contrats.csproj", "{1321173D-80AA-482E-965F-543CBA915B99}"
EndProject
Project("{9A19103F-16F7-4668-BE54-9A1E7A4F7556}") = "kelasys.esr.backend", "kelasys.esr.mainapp\kelasys.esr.backend.csproj", "{F4865CA0-DD51-4507-9DB3-3969B26A731C}"
EndProject
Project("{9A19103F-16F7-4668-BE54-9A1E7A4F7556}") = "kelasys.esr.services", "kelasys.esr.services\kelasys.esr.services.csproj", "{586A177F-59B4-4697-BB0E-A23618E657DD}"
EndProject
Global
	GlobalSection(SolutionConfigurationPlatforms) = preSolution
		Debug|Any CPU = Debug|Any CPU
		Release|Any CPU = Release|Any CPU
	EndGlobalSection
	GlobalSection(ProjectConfigurationPlatforms) = postSolution
		{8EBA9161-7DE3-4521-99DF-9763F9F523EB}.Debug|Any CPU.ActiveCfg = Debug|Any CPU
		{8EBA9161-7DE3-4521-99DF-9763F9F523EB}.Debug|Any CPU.Build.0 = Debug|Any CPU
		{8EBA9161-7DE3-4521-99DF-9763F9F523EB}.Release|Any CPU.ActiveCfg = Release|Any CPU
		{8EBA9161-7DE3-4521-99DF-9763F9F523EB}.Release|Any CPU.Build.0 = Release|Any CPU
		{5D0120FE-E303-445D-A8AF-2052ACA1E31B}.Debug|Any CPU.ActiveCfg = Debug|Any CPU
		{5D0120FE-E303-445D-A8AF-2052ACA1E31B}.Debug|Any CPU.Build.0 = Debug|Any CPU
		{5D0120FE-E303-445D-A8AF-2052ACA1E31B}.Release|Any CPU.ActiveCfg = Release|Any CPU
		{5D0120FE-E303-445D-A8AF-2052ACA1E31B}.Release|Any CPU.Build.0 = Release|Any CPU
		{1321173D-80AA-482E-965F-543CBA915B99}.Debug|Any CPU.ActiveCfg = Debug|Any CPU
		{1321173D-80AA-482E-965F-543CBA915B99}.Debug|Any CPU.Build.0 = Debug|Any CPU
		{1321173D-80AA-482E-965F-543CBA915B99}.Release|Any CPU.ActiveCfg = Release|Any CPU
		{1321173D-80AA-482E-965F-543CBA915B99}.Release|Any CPU.Build.0 = Release|Any CPU
		{F4865CA0-DD51-4507-9DB3-3969B26A731C}.Debug|Any CPU.ActiveCfg = Debug|Any CPU
		{F4865CA0-DD51-4507-9DB3-3969B26A731C}.Debug|Any CPU.Build.0 = Debug|Any CPU
		{F4865CA0-DD51-4507-9DB3-3969B26A731C}.Release|Any CPU.ActiveCfg = Release|Any CPU
		{F4865CA0-DD51-4507-9DB3-3969B26A731C}.Release|Any CPU.Build.0 = Release|Any CPU
		{586A177F-59B4-4697-BB0E-A23618E657DD}.Debug|Any CPU.ActiveCfg = Debug|Any CPU
		{586A177F-59B4-4697-BB0E-A23618E657DD}.Debug|Any CPU.Build.0 = Debug|Any CPU
		{586A177F-59B4-4697-BB0E-A23618E657DD}.Release|Any CPU.ActiveCfg = Release|Any CPU
		{586A177F-59B4-4697-BB0E-A23618E657DD}.Release|Any CPU.Build.0 = Release|Any CPU
	EndGlobalSection
	GlobalSection(SolutionProperties) = preSolution
		HideSolutionNode = FALSE
	EndGlobalSection
	GlobalSection(ExtensibilityGlobals) = postSolution
		SolutionGuid = {1D3D524D-6C02-45C7-8E72-AFE350E40646}
	EndGlobalSection
EndGlobal
