
Microsoft Visual Studio Solution File, Format Version 12.00
# Visual Studio Version 16
VisualStudioVersion = 16.0.30523.141
MinimumVisualStudioVersion = 10.0.40219.1
Project("{FAE04EC0-301F-11D3-BF4B-00C04F79EFBC}") = "CalculoApp", "CalculoApp\CalculoApp.csproj", "{8EE1A6B7-0BDD-478C-A078-FD5240B07A1E}"
EndProject
Global
	GlobalSection(SolutionConfigurationPlatforms) = preSolution
		Debug|Any CPU = Debug|Any CPU
		Release|Any CPU = Release|Any CPU
	EndGlobalSection
	GlobalSection(ProjectConfigurationPlatforms) = postSolution
		{8EE1A6B7-0BDD-478C-A078-FD5240B07A1E}.Debug|Any CPU.ActiveCfg = Debug|Any CPU
		{8EE1A6B7-0BDD-478C-A078-FD5240B07A1E}.Debug|Any CPU.Build.0 = Debug|Any CPU
		{8EE1A6B7-0BDD-478C-A078-FD5240B07A1E}.Release|Any CPU.ActiveCfg = Release|Any CPU
		{8EE1A6B7-0BDD-478C-A078-FD5240B07A1E}.Release|Any CPU.Build.0 = Release|Any CPU
	EndGlobalSection
	GlobalSection(SolutionProperties) = preSolution
		HideSolutionNode = FALSE
	EndGlobalSection
	GlobalSection(ExtensibilityGlobals) = postSolution
		SolutionGuid = {8221EAB3-5B6F-4219-BDFC-28FBDEFE3311}
	EndGlobalSection
EndGlobal
